
Microsoft Visual Studio Solution File, Format Version 12.00
# Visual Studio Version 17
VisualStudioVersion = 17.14.36930.0 d17.14
MinimumVisualStudioVersion = 10.0.40219.1
Project("{FAE04EC0-301F-11D3-BF4B-00C04F79EFBC}") = "TestTaskLogFile", "TestTaskLogFile\TestTaskLogFile.csproj", "{B4B4BFD5-A640-4782-B4DA-1C685B14CA0B}"
EndProject
Global
	GlobalSection(SolutionConfigurationPlatforms) = preSolution
		Debug|Any CPU = Debug|Any CPU
		Release|Any CPU = Release|Any CPU
	EndGlobalSection
	GlobalSection(ProjectConfigurationPlatforms) = postSolution
		{B4B4BFD5-A640-4782-B4DA-1C685B14CA0B}.Debug|Any CPU.ActiveCfg = Debug|Any CPU
		{B4B4BFD5-A640-4782-B4DA-1C685B14CA0B}.Debug|Any CPU.Build.0 = Debug|Any CPU
		{B4B4BFD5-A640-4782-B4DA-1C685B14CA0B}.Release|Any CPU.ActiveCfg = Release|Any CPU
		{B4B4BFD5-A640-4782-B4DA-1C685B14CA0B}.Release|Any CPU.Build.0 = Release|Any CPU
	EndGlobalSection
	GlobalSection(SolutionProperties) = preSolution
		HideSolutionNode = FALSE
	EndGlobalSection
	GlobalSection(ExtensibilityGlobals) = postSolution
		SolutionGuid = {179391C6-EF5D-489C-8FC9-755CD9CBC7DD}
	EndGlobalSection
EndGlobal
